
Microsoft Visual Studio Solution File, Format Version 12.00
# Visual Studio 2012
Project("{FAE04EC0-301F-11D3-BF4B-00C04F79EFBC}") = "scres", "scres\scres.csproj", "{7139FE21-39B1-4E01-AF31-0902CDBE88BB}"
EndProject
Global
	GlobalSection(SolutionConfigurationPlatforms) = preSolution
		Debug|Any CPU = Debug|Any CPU
		Release|Any CPU = Release|Any CPU
	EndGlobalSection
	GlobalSection(ProjectConfigurationPlatforms) = postSolution
		{7139FE21-39B1-4E01-AF31-0902CDBE88BB}.Debug|Any CPU.ActiveCfg = Debug|Any CPU
		{7139FE21-39B1-4E01-AF31-0902CDBE88BB}.Debug|Any CPU.Build.0 = Debug|Any CPU
		{7139FE21-39B1-4E01-AF31-0902CDBE88BB}.Release|Any CPU.ActiveCfg = Release|Any CPU
		{7139FE21-39B1-4E01-AF31-0902CDBE88BB}.Release|Any CPU.Build.0 = Release|Any CPU
	EndGlobalSection
	GlobalSection(SolutionProperties) = preSolution
		HideSolutionNode = FALSE
	EndGlobalSection
EndGlobal
